{
  "name": "panel_chemistry",
  "version": "0.3.0",
  "lockfileVersion": 3,
  "requires": true,
  "packages": {
    "": {
      "name": "panel_chemistry",
      "version": "0.3.0",
      "license": "Apache 2.0",
      "dependencies": {
        "@bokeh/bokehjs": "~3.3.1"
      }
    },
    "node_modules/@bokeh/bokehjs": {
      "version": "3.3.1",
      "resolved": "https://registry.npmjs.org/@bokeh/bokehjs/-/bokehjs-3.3.1.tgz",
      "integrity": "sha512-orQM4d6MP1g7sXpG6B76HcwQLZIwVAMfopU6n7pZEB5430mINNH5VXlAWloBDveavcEpOwy+c0vBZLTYqOsgBg==",
      "engines": {
        "node": ">=16.0",
        "npm": ">=8.0"
      }
    }
  }
}
