{
  "name": "panel_chemistry",
  "version": "0.3.0",
  "lockfileVersion": 3,
  "requires": true,
  "packages": {
    "": {
      "name": "panel_chemistry",
      "version": "0.3.0",
      "license": "Apache 2.0",
      "dependencies": {
        "@bokeh/bokehjs": "~3.3.0"
      }
    },
    "node_modules/@bokeh/bokehjs": {
      "version": "3.3.0",
      "resolved": "https://registry.npmjs.org/@bokeh/bokehjs/-/bokehjs-3.3.0.tgz",
      "integrity": "sha512-Y8wWO6VLkOPOMMrwMFPLcfTnTyi8vK+elMrxhxurU8E5IyABB9VypwTfSDCEnQsurGybm6f9OBH3YehUlRY/pQ==",
      "engines": {
        "node": ">=16.0",
        "npm": ">=8.0"
      }
    }
  }
}
